
Microsoft Visual Studio Solution File, Format Version 12.00
# Visual Studio 15
VisualStudioVersion = 15.0.28010.2016
MinimumVisualStudioVersion = 10.0.40219.1
Project("{FAE04EC0-301F-11D3-BF4B-00C04F79EFBC}") = "ProjectMinera", "ProjectMinera\ProjectMinera.csproj", "{76E6875E-769C-497A-A3D7-CCB959C4DC64}"
EndProject
Global
	GlobalSection(SolutionConfigurationPlatforms) = preSolution
		Debug|Any CPU = Debug|Any CPU
		Release|Any CPU = Release|Any CPU
	EndGlobalSection
	GlobalSection(ProjectConfigurationPlatforms) = postSolution
		{76E6875E-769C-497A-A3D7-CCB959C4DC64}.Debug|Any CPU.ActiveCfg = Debug|Any CPU
		{76E6875E-769C-497A-A3D7-CCB959C4DC64}.Debug|Any CPU.Build.0 = Debug|Any CPU
		{76E6875E-769C-497A-A3D7-CCB959C4DC64}.Release|Any CPU.ActiveCfg = Release|Any CPU
		{76E6875E-769C-497A-A3D7-CCB959C4DC64}.Release|Any CPU.Build.0 = Release|Any CPU
	EndGlobalSection
	GlobalSection(SolutionProperties) = preSolution
		HideSolutionNode = FALSE
	EndGlobalSection
	GlobalSection(ExtensibilityGlobals) = postSolution
		SolutionGuid = {0D14E894-3E5F-4104-86F6-EC864D135623}
	EndGlobalSection
EndGlobal
